
Microsoft Visual Studio Solution File, Format Version 12.00
# Visual Studio Version 17
VisualStudioVersion = 17.7.34202.233
MinimumVisualStudioVersion = 10.0.40219.1
Project("{FAE04EC0-301F-11D3-BF4B-00C04F79EFBC}") = "pws_lab3", "pws_lab3\pws_lab3.csproj", "{503C7506-A547-421A-A42F-13E60549EA63}"
EndProject
Global
	GlobalSection(SolutionConfigurationPlatforms) = preSolution
		Debug|Any CPU = Debug|Any CPU
		Release|Any CPU = Release|Any CPU
	EndGlobalSection
	GlobalSection(ProjectConfigurationPlatforms) = postSolution
		{503C7506-A547-421A-A42F-13E60549EA63}.Debug|Any CPU.ActiveCfg = Debug|Any CPU
		{503C7506-A547-421A-A42F-13E60549EA63}.Debug|Any CPU.Build.0 = Debug|Any CPU
		{503C7506-A547-421A-A42F-13E60549EA63}.Release|Any CPU.ActiveCfg = Release|Any CPU
		{503C7506-A547-421A-A42F-13E60549EA63}.Release|Any CPU.Build.0 = Release|Any CPU
	EndGlobalSection
	GlobalSection(SolutionProperties) = preSolution
		HideSolutionNode = FALSE
	EndGlobalSection
	GlobalSection(ExtensibilityGlobals) = postSolution
		SolutionGuid = {E499BFBB-E8F5-4F89-8D3B-8337E76577BC}
	EndGlobalSection
EndGlobal
